Microsoft Visual Studio Solution File, Format Version 12.00
# Visual Studio 15
VisualStudioVersion = 15.0.26730.12
MinimumVisualStudioVersion = 10.0.40219.1
Project("{9A19103F-16F7-4668-BE54-9A1E7A4F7556}") = "B2Net", "B2Net.csproj", "{E178FF84-E6B4-4C08-8B2F-E190A6BCFE4A}"
EndProject
Project("{9A19103F-16F7-4668-BE54-9A1E7A4F7556}") = "B2NET.Tests", "..\tests\B2NET.Tests.csproj", "{05FA55C0-D0C4-4CB4-B6C9-A55B8F26311F}"
EndProject
Project("{2150E333-8FDC-42A3-9474-1A3956D46DE8}") = "Solution Items", "Solution Items", "{90326E2D-DC64-41D2-A601-8C098431A5E0}"
	ProjectSection(SolutionItems) = preProject
		..\.editorconfig = ..\.editorconfig
	EndProjectSection
EndProject
Global
	GlobalSection(SolutionConfigurationPlatforms) = preSolution
		Debug|Any CPU = Debug|Any CPU
		Debug|x64 = Debug|x64
		Debug|x86 = Debug|x86
		Release|Any CPU = Release|Any CPU
		Release|x64 = Release|x64
		Release|x86 = Release|x86
	EndGlobalSection
	GlobalSection(ProjectConfigurationPlatforms) = postSolution
		{E178FF84-E6B4-4C08-8B2F-E190A6BCFE4A}.Debug|Any CPU.ActiveCfg = Debug|Any CPU
		{E178FF84-E6B4-4C08-8B2F-E190A6BCFE4A}.Debug|Any CPU.Build.0 = Debug|Any CPU
		{E178FF84-E6B4-4C08-8B2F-E190A6BCFE4A}.Debug|x64.ActiveCfg = Debug|Any CPU
		{E178FF84-E6B4-4C08-8B2F-E190A6BCFE4A}.Debug|x64.Build.0 = Debug|Any CPU
		{E178FF84-E6B4-4C08-8B2F-E190A6BCFE4A}.Debug|x86.ActiveCfg = Debug|Any CPU
		{E178FF84-E6B4-4C08-8B2F-E190A6BCFE4A}.Debug|x86.Build.0 = Debug|Any CPU
		{E178FF84-E6B4-4C08-8B2F-E190A6BCFE4A}.Release|Any CPU.ActiveCfg = Release|Any CPU
		{E178FF84-E6B4-4C08-8B2F-E190A6BCFE4A}.Release|Any CPU.Build.0 = Release|Any CPU
		{E178FF84-E6B4-4C08-8B2F-E190A6BCFE4A}.Release|x64.ActiveCfg = Release|Any CPU
		{E178FF84-E6B4-4C08-8B2F-E190A6BCFE4A}.Release|x64.Build.0 = Release|Any CPU
		{E178FF84-E6B4-4C08-8B2F-E190A6BCFE4A}.Release|x86.ActiveCfg = Release|Any CPU
		{E178FF84-E6B4-4C08-8B2F-E190A6BCFE4A}.Release|x86.Build.0 = Release|Any CPU
		{05FA55C0-D0C4-4CB4-B6C9-A55B8F26311F}.Debug|Any CPU.ActiveCfg = Debug|Any CPU
		{05FA55C0-D0C4-4CB4-B6C9-A55B8F26311F}.Debug|Any CPU.Build.0 = Debug|Any CPU
		{05FA55C0-D0C4-4CB4-B6C9-A55B8F26311F}.Debug|x64.ActiveCfg = Debug|Any CPU
		{05FA55C0-D0C4-4CB4-B6C9-A55B8F26311F}.Debug|x64.Build.0 = Debug|Any CPU
		{05FA55C0-D0C4-4CB4-B6C9-A55B8F26311F}.Debug|x86.ActiveCfg = Debug|Any CPU
		{05FA55C0-D0C4-4CB4-B6C9-A55B8F26311F}.Debug|x86.Build.0 = Debug|Any CPU
		{05FA55C0-D0C4-4CB4-B6C9-A55B8F26311F}.Release|Any CPU.ActiveCfg = Release|Any CPU
		{05FA55C0-D0C4-4CB4-B6C9-A55B8F26311F}.Release|Any CPU.Build.0 = Release|Any CPU
		{05FA55C0-D0C4-4CB4-B6C9-A55B8F26311F}.Release|x64.ActiveCfg = Release|Any CPU
		{05FA55C0-D0C4-4CB4-B6C9-A55B8F26311F}.Release|x64.Build.0 = Release|Any CPU
		{05FA55C0-D0C4-4CB4-B6C9-A55B8F26311F}.Release|x86.ActiveCfg = Release|Any CPU
		{05FA55C0-D0C4-4CB4-B6C9-A55B8F26311F}.Release|x86.Build.0 = Release|Any CPU
	EndGlobalSection
	GlobalSection(SolutionProperties) = preSolution
		HideSolutionNode = FALSE
	EndGlobalSection
	GlobalSection(ExtensibilityGlobals) = postSolution
		SolutionGuid = {835C5DD4-52F0-4323-95F4-F956C9D7246D}
	EndGlobalSection
EndGlobal
